// !$*UTF8*$!
{
	archiveVersion = 1;
	classes = {
	};
	objectVersion = 50;
	objects = {

/* Begin PBXBuildFile section */
		801FAFB023B2B55F00A05064 /* AppDelegate.swift in Sources */ = {isa = PBXBuildFile; fileRef = 801FAFAF23B2B55F00A05064 /* AppDelegate.swift */; };
		801FAFB223B2B55F00A05064 /* SceneDelegate.swift in Sources */ = {isa = PBXBuildFile; fileRef = 801FAFB123B2B55F00A05064 /* SceneDelegate.swift */; };
		801FAFB423B2B55F00A05064 /* ViewController.swift in Sources */ = {isa = PBXBuildFile; fileRef = 801FAFB323B2B55F00A05064 /* ViewController.swift */; };
		801FAFB723B2B55F00A05064 /* Main.storyboard in Resources */ = {isa = PBXBuildFile; fileRef = 801FAFB523B2B55F00A05064 /* Main.storyboard */; };
		801FAFB923B2B56100A05064 /* Assets.xcassets in Resources */ = {isa = PBXBuildFile; fileRef = 801FAFB823B2B56100A05064 /* Assets.xcassets */; };
		801FAFBC23B2B56100A05064 /* LaunchScreen.storyboard in Resources */ = {isa = PBXBuildFile; fileRef = 801FAFBA23B2B56100A05064 /* LaunchScreen.storyboard */; };
		801FAFC423B2BD2700A05064 /* algorithm.swift in Sources */ = {isa = PBXBuildFile; fileRef = 801FAFC323B2BD2700A05064 /* algorithm.swift */; };
/* End PBXBuildFile section */

/* Begin PBXFileReference section */
		801FAFAC23B2B55F00A05064 /* SudokuSolver.app */ = {isa = PBXFileReference; explicitFileType = wrapper.application; includeInIndex = 0; path = SudokuSolver.app; sourceTree = BUILT_PRODUCTS_DIR; };
		801FAFAF23B2B55F00A05064 /* AppDelegate.swift */ = {isa = PBXFileReference; lastKnownFileType = sourcecode.swift; path = AppDelegate.swift; sourceTree = "<group>"; };
		801FAFB123B2B55F00A05064 /* SceneDelegate.swift */ = {isa = PBXFileReference; lastKnownFileType = sourcecode.swift; path = SceneDelegate.swift; sourceTree = "<group>"; };
		801FAFB323B2B55F00A05064 /* ViewController.swift */ = {isa = PBXFileReference; lastKnownFileType = sourcecode.swift; path = ViewController.swift; sourceTree = "<group>"; };
		801FAFB623B2B55F00A05064 /* Base */ = {isa = PBXFileReference; lastKnownFileType = file.storyboard; name = Base; path = Base.lproj/Main.storyboard; sourceTree = "<group>"; };
		801FAFB823B2B56100A05064 /* Assets.xcassets */ = {isa = PBXFileReference; lastKnownFileType = folder.assetcatalog; path = Assets.xcassets; sourceTree = "<group>"; };
		801FAFBB23B2B56100A05064 /* Base */ = {isa = PBXFileReference; lastKnownFileType = file.storyboard; name = Base; path = Base.lproj/LaunchScreen.storyboard; sourceTree = "<group>"; };
		801FAFBD23B2B56100A05064 /* Info.plist */ = {isa = PBXFileReference; lastKnownFileType = text.plist.xml; path = Info.plist; sourceTree = "<group>"; };
		801FAFC323B2BD2700A05064 /* algorithm.swift */ = {isa = PBXFileReference; lastKnownFileType = sourcecode.swift; path = algorithm.swift; sourceTree = "<group>"; };
/* End PBXFileReference section */

/* Begin PBXFrameworksBuildPhase section */
		801FAFA923B2B55F00A05064 /* Frameworks */ = {
			isa = PBXFrameworksBuildPhase;
			buildActionMask = 2147483647;
			files = (
			);
			runOnlyForDeploymentPostprocessing = 0;
		};
/* End PBXFrameworksBuildPhase section */

/* Begin PBXGroup section */
		801FAFA323B2B55F00A05064 = {
			isa = PBXGroup;
			children = (
				801FAFAE23B2B55F00A05064 /* SudokuSolver */,
				801FAFAD23B2B55F00A05064 /* Products */,
			);
			sourceTree = "<group>";
		};
		801FAFAD23B2B55F00A05064 /* Products */ = {
			isa = PBXGroup;
			children = (
				801FAFAC23B2B55F00A05064 /* SudokuSolver.app */,
			);
			name = Products;
			sourceTree = "<group>";
		};
		801FAFAE23B2B55F00A05064 /* SudokuSolver */ = {
			isa = PBXGroup;
			children = (
				801FAFAF23B2B55F00A05064 /* AppDelegate.swift */,
				801FAFB123B2B55F00A05064 /* SceneDelegate.swift */,
				801FAFB323B2B55F00A05064 /* ViewController.swift */,
				801FAFB523B2B55F00A05064 /* Main.storyboard */,
				801FAFB823B2B56100A05064 /* Assets.xcassets */,
				801FAFBA23B2B56100A05064 /* LaunchScreen.storyboard */,
				801FAFBD23B2B56100A05064 /* Info.plist */,
				801FAFC323B2BD2700A05064 /* algorithm.swift */,
			);
			path = SudokuSolver;
			sourceTree = "<group>";
		};
/* End PBXGroup section */

/* Begin PBXNativeTarget section */
		801FAFAB23B2B55F00A05064 /* SudokuSolver */ = {
			isa = PBXNativeTarget;
			buildConfigurationList = 801FAFC023B2B56100A05064 /* Build configuration list for PBXNativeTarget "SudokuSolver" */;
			buildPhases = (
				801FAFA823B2B55F00A05064 /* Sources */,
				801FAFA923B2B55F00A05064 /* Frameworks */,
				801FAFAA23B2B55F00A05064 /* Resources */,
			);
			buildRules = (
			);
			dependencies = (
			);
			name = SudokuSolver;
			productName = SudokuSolver;
			productReference = 801FAFAC23B2B55F00A05064 /* SudokuSolver.app */;
			productType = "com.apple.product-type.application";
		};
/* End PBXNativeTarget section */

/* Begin PBXProject section */
		801FAFA423B2B55F00A05064 /* Project object */ = {
			isa = PBXProject;
			attributes = {
				LastSwiftUpdateCheck = 1120;
				LastUpgradeCheck = 1120;
				ORGANIZATIONNAME = "Jiwoo Lee";
				TargetAttributes = {
					801FAFAB23B2B55F00A05064 = {
						CreatedOnToolsVersion = 11.2.1;
					};
				};
			};
			buildConfigurationList = 801FAFA723B2B55F00A05064 /* Build configuration list for PBXProject "SudokuSolver" */;
			compatibilityVersion = "Xcode 9.3";
			developmentRegion = en;
			hasScannedForEncodings = 0;
			knownRegions = (
				en,
				Base,
			);
			mainGroup = 801FAFA323B2B55F00A05064;
			productRefGroup = 801FAFAD23B2B55F00A05064 /* Products */;
			projectDirPath = "";
			projectRoot = "";
			targets = (
				801FAFAB23B2B55F00A05064 /* SudokuSolver */,
			);
		};
/* End PBXProject section */

/* Begin PBXResourcesBuildPhase section */
		801FAFAA23B2B55F00A05064 /* Resources */ = {
			isa = PBXResourcesBuildPhase;
			buildActionMask = 2147483647;
			files = (
				801FAFBC23B2B56100A05064 /* LaunchScreen.storyboard in Resources */,
				801FAFB923B2B56100A05064 /* Assets.xcassets in Resources */,
				801FAFB723B2B55F00A05064 /* Main.storyboard in Resources */,
			);
			runOnlyForDeploymentPostprocessing = 0;
		};
/* End PBXResourcesBuildPhase section */

/* Begin PBXSourcesBuildPhase section */
		801FAFA823B2B55F00A05064 /* Sources */ = {
			isa = PBXSourcesBuildPhase;
			buildActionMask = 2147483647;
			files = (
				801FAFB423B2B55F00A05064 /* ViewController.swift in Sources */,
				801FAFC423B2BD2700A05064 /* algorithm.swift in Sources */,
				801FAFB023B2B55F00A05064 /* AppDelegate.swift in Sources */,
				801FAFB223B2B55F00A05064 /* SceneDelegate.swift in Sources */,
			);
			runOnlyForDeploymentPostprocessing = 0;
		};
/* End PBXSourcesBuildPhase section */

/* Begin PBXVariantGroup section */
		801FAFB523B2B55F00A05064 /* Main.storyboard */ = {
			isa = PBXVariantGroup;
			children = (
				801FAFB623B2B55F00A05064 /* Base */,
			);
			name = Main.storyboard;
			sourceTree = "<group>";
		};
		801FAFBA23B2B56100A05064 /* LaunchScreen.storyboard */ = {
			isa = PBXVariantGroup;
			children = (
				801FAFBB23B2B56100A05064 /* Base */,
			);
			name = LaunchScreen.storyboard;
			sourceTree = "<group>";
		};
/* End PBXVariantGroup section */

/* Begin XCBuildConfiguration section */
		801FAFBE23B2B56100A05064 /* Debug */ = {
			isa = XCBuildConfiguration;
			buildSettings = {
				ALWAYS_SEARCH_USER_PATHS = NO;
				CLANG_ANALYZER_NONNULL = YES;
				CLANG_ANALYZER_NUMBER_OBJECT_CONVERSION = YES_AGGRESSIVE;
				CLANG_CXX_LANGUAGE_STANDARD = "gnu++14";
				CLANG_CXX_LIBRARY = "libc++";
				CLANG_ENABLE_MODULES = YES;
				CLANG_ENABLE_OBJC_ARC = YES;
				CLANG_ENABLE_OBJC_WEAK = YES;
				CLANG_WARN_BLOCK_CAPTURE_AUTORELEASING = YES;
				CLANG_WARN_BOOL_CONVERSION = YES;
				CLANG_WARN_COMMA = YES;
				CLANG_WARN_CONSTANT_CONVERSION = YES;
				CLANG_WARN_DEPRECATED_OBJC_IMPLEMENTATIONS = YES;
				CLANG_WARN_DIRECT_OBJC_ISA_USAGE = YES_ERROR;
				CLANG_WARN_DOCUMENTATION_COMMENTS = YES;
				CLANG_WARN_EMPTY_BODY = YES;
				CLANG_WARN_ENUM_CONVERSION = YES;
				CLANG_WARN_INFINITE_RECURSION = YES;
				CLANG_WARN_INT_CONVERSION = YES;
				CLANG_WARN_NON_LITERAL_NULL_CONVERSION = YES;
				CLANG_WARN_OBJC_IMPLICIT_RETAIN_SELF = YES;
				CLANG_WARN_OBJC_LITERAL_CONVERSION = YES;
				CLANG_WARN_OBJC_ROOT_CLASS = YES_ERROR;
				CLANG_WARN_RANGE_LOOP_ANALYSIS = YES;
				CLANG_WARN_STRICT_PROTOTYPES = YES;
				CLANG_WARN_SUSPICIOUS_MOVE = YES;
				CLANG_WARN_UNGUARDED_AVAILABILITY = YES_AGGRESSIVE;
				CLANG_WARN_UNREACHABLE_CODE = YES;
				CLANG_WARN__DUPLICATE_METHOD_MATCH = YES;
				COPY_PHASE_STRIP = NO;
				DEBUG_INFORMATION_FORMAT = dwarf;
				ENABLE_STRICT_OBJC_MSGSEND = YES;
				ENABLE_TESTABILITY = YES;
				GCC_C_LANGUAGE_STANDARD = gnu11;
				GCC_DYNAMIC_NO_PIC = NO;
				GCC_NO_COMMON_BLOCKS = YES;
				GCC_OPTIMIZATION_LEVEL = 0;
				GCC_PREPROCESSOR_DEFINITIONS = (
					"DEBUG=1",
					"$(inherited)",
				);
				GCC_WARN_64_TO_32_BIT_CONVERSION = YES;
				GCC_WARN_ABOUT_RETURN_TYPE = YES_ERROR;
				GCC_WARN_UNDECLARED_SELECTOR = YES;
				GCC_WARN_UNINITIALIZED_AUTOS = YES_AGGRESSIVE;
				GCC_WARN_UNUSED_FUNCTION = YES;
				GCC_WARN_UNUSED_VARIABLE = YES;
				IPHONEOS_DEPLOYMENT_TARGET = 13.2;
				MTL_ENABLE_DEBUG_INFO = INCLUDE_SOURCE;
				MTL_FAST_MATH = YES;
				ONLY_ACTIVE_ARCH = YES;
				SDKROOT = iphoneos;
				SWIFT_ACTIVE_COMPILATION_CONDITIONS = DEBUG;
				SWIFT_OPTIMIZATION_LEVEL = "-Onone";
			};
			name = Debug;
		};
		801FAFBF23B2B56100A05064 /* Release */ = {
			isa = XCBuildConfiguration;
			buildSettings = {
				ALWAYS_SEARCH_USER_PATHS = NO;
				CLANG_ANALYZER_NONNULL = YES;
				CLANG_ANALYZER_NUMBER_OBJECT_CONVERSION = YES_AGGRESSIVE;
				CLANG_CXX_LANGUAGE_STANDARD = "gnu++14";
				CLANG_CXX_LIBRARY = "libc++";
				CLANG_ENABLE_MODULES = YES;
				CLANG_ENABLE_OBJC_ARC = YES;
				CLANG_ENABLE_OBJC_WEAK = YES;
				CLANG_WARN_BLOCK_CAPTURE_AUTORELEASING = YES;
				CLANG_WARN_BOOL_CONVERSION = YES;
				CLANG_WARN_COMMA = YES;
				CLANG_WARN_CONSTANT_CONVERSION = YES;
				CLANG_WARN_DEPRECATED_OBJC_IMPLEMENTATIONS = YES;
				CLANG_WARN_DIRECT_OBJC_ISA_USAGE = YES_ERROR;
				CLANG_WARN_DOCUMENTATION_COMMENTS = YES;
				CLANG_WARN_EMPTY_BODY = YES;
				CLANG_WARN_ENUM_CONVERSION = YES;
				CLANG_WARN_INFINITE_RECURSION = YES;
				CLANG_WARN_INT_CONVERSION = YES;
				CLANG_WARN_NON_LITERAL_NULL_CONVERSION = YES;
				CLANG_WARN_OBJC_IMPLICIT_RETAIN_SELF = YES;
				CLANG_WARN_OBJC_LITERAL_CONVERSION = YES;
				CLANG_WARN_OBJC_ROOT_CLASS = YES_ERROR;
				CLANG_WARN_RANGE_LOOP_ANALYSIS = YES;
				CLANG_WARN_STRICT_PROTOTYPES = YES;
				CLANG_WARN_SUSPICIOUS_MOVE = YES;
				CLANG_WARN_UNGUARDED_AVAILABILITY = YES_AGGRESSIVE;
				CLANG_WARN_UNREACHABLE_CODE = YES;
				CLANG_WARN__DUPLICATE_METHOD_MATCH = YES;
				COPY_PHASE_STRIP = NO;
				DEBUG_INFORMATION_FORMAT = "dwarf-with-dsym";
				ENABLE_NS_ASSERTIONS = NO;
				ENABLE_STRICT_OBJC_MSGSEND = YES;
				GCC_C_LANGUAGE_STANDARD = gnu11;
				GCC_NO_COMMON_BLOCKS = YES;
				GCC_WARN_64_TO_32_BIT_CONVERSION = YES;
				GCC_WARN_ABOUT_RETURN_TYPE = YES_ERROR;
				GCC_WARN_UNDECLARED_SELECTOR = YES;
				GCC_WARN_UNINITIALIZED_AUTOS = YES_AGGRESSIVE;
				GCC_WARN_UNUSED_FUNCTION = YES;
				GCC_WARN_UNUSED_VARIABLE = YES;
				IPHONEOS_DEPLOYMENT_TARGET = 13.2;
				MTL_ENABLE_DEBUG_INFO = NO;
				MTL_FAST_MATH = YES;
				SDKROOT = iphoneos;
				SWIFT_COMPILATION_MODE = wholemodule;
				SWIFT_OPTIMIZATION_LEVEL = "-O";
				VALIDATE_PRODUCT = YES;
			};
			name = Release;
		};
		801FAFC123B2B56100A05064 /* Debug */ = {
			isa = XCBuildConfiguration;
			buildSettings = {
				ASSETCATALOG_COMPILER_APPICON_NAME = AppIcon;
				CODE_SIGN_STYLE = Automatic;
				INFOPLIST_FILE = SudokuSolver/Info.plist;
				LD_RUNPATH_SEARCH_PATHS = (
					"$(inherited)",
					"@executable_path/Frameworks",
				);
				PRODUCT_BUNDLE_IDENTIFIER = com.JiwooLee.SudokuSolver;
				PRODUCT_NAME = "$(TARGET_NAME)";
				SWIFT_VERSION = 5.0;
				TARGETED_DEVICE_FAMILY = "1,2";
			};
			name = Debug;
		};
		801FAFC223B2B56100A05064 /* Release */ = {
			isa = XCBuildConfiguration;
			buildSettings = {
				ASSETCATALOG_COMPILER_APPICON_NAME = AppIcon;
				CODE_SIGN_STYLE = Automatic;
				INFOPLIST_FILE = SudokuSolver/Info.plist;
				LD_RUNPATH_SEARCH_PATHS = (
					"$(inherited)",
					"@executable_path/Frameworks",
				);
				PRODUCT_BUNDLE_IDENTIFIER = com.JiwooLee.SudokuSolver;
				PRODUCT_NAME = "$(TARGET_NAME)";
				SWIFT_VERSION = 5.0;
				TARGETED_DEVICE_FAMILY = "1,2";
			};
			name = Release;
		};
/* End XCBuildConfiguration section */

/* Begin XCConfigurationList section */
		801FAFA723B2B55F00A05064 /* Build configuration list for PBXProject "SudokuSolver" */ = {
			isa = XCConfigurationList;
			buildConfigurations = (
				801FAFBE23B2B56100A05064 /* Debug */,
				801FAFBF23B2B56100A05064 /* Release */,
			);
			defaultConfigurationIsVisible = 0;
			defaultConfigurationName = Release;
		};
		801FAFC023B2B56100A05064 /* Build configuration list for PBXNativeTarget "SudokuSolver" */ = {
			isa = XCConfigurationList;
			buildConfigurations = (
				801FAFC123B2B56100A05064 /* Debug */,
				801FAFC223B2B56100A05064 /* Release */,
			);
			defaultConfigurationIsVisible = 0;
			defaultConfigurationName = Release;
		};
/* End XCConfigurationList section */
	};
	rootObject = 801FAFA423B2B55F00A05064 /* Project object */;
}
